
Microsoft Visual Studio Solution File, Format Version 12.00
# Visual Studio 15
VisualStudioVersion = 15.0.28307.102
MinimumVisualStudioVersion = 10.0.40219.1
Project("{FAE04EC0-301F-11D3-BF4B-00C04F79EFBC}") = "CSharpBaseWPF", "CSharpBase\CSharpBaseWPF.csproj", "{88D8D350-9438-4538-AA2E-D73B12E9C67D}"
EndProject
Project("{2150E333-8FDC-42A3-9474-1A3956D46DE8}") = "Cours", "Cours", "{042EF31E-E06F-4158-896E-F3389C421B48}"
	ProjectSection(SolutionItems) = preProject
		Intro.txt = Intro.txt
	EndProjectSection
EndProject
Project("{FAE04EC0-301F-11D3-BF4B-00C04F79EFBC}") = "CSharpBaseConsole", "CSharpBaseConsole\CSharpBaseConsole.csproj", "{3F764E79-B1EC-4ABE-A63B-29E1A4065F8B}"
EndProject
Project("{FAE04EC0-301F-11D3-BF4B-00C04F79EFBC}") = "CSharpBaseWeb", "CSharpBaseWeb\CSharpBaseWeb.csproj", "{33E4817A-9460-496D-ACC0-95AE05858835}"
EndProject
Project("{FAE04EC0-301F-11D3-BF4B-00C04F79EFBC}") = "CSharpUWP", "CSharpUWP\CSharpUWP.csproj", "{91E11D93-E94C-44BC-8A15-87F8896F7293}"
EndProject
Project("{9A19103F-16F7-4668-BE54-9A1E7A4F7556}") = "CSharpBaseLibrary", "CSharpBaseLibrary\CSharpBaseLibrary.csproj", "{E0687489-862F-40C1-A4B1-C4AC8E896B43}"
EndProject
Project("{9A19103F-16F7-4668-BE54-9A1E7A4F7556}") = "HeritageLibrary", "HeritageLibrary\HeritageLibrary.csproj", "{910A23E7-50C4-4CE0-8725-5A9EE1B7BAAE}"
EndProject
Project("{FAE04EC0-301F-11D3-BF4B-00C04F79EFBC}") = "HeritageConsole", "HeritageConsole\HeritageConsole.csproj", "{19238FDD-C2D3-4B59-8BCC-1E0617915285}"
EndProject
Project("{FAE04EC0-301F-11D3-BF4B-00C04F79EFBC}") = "FunWithLINQLibrary", "FunWithLINQLibrary\FunWithLINQLibrary.csproj", "{26F90F72-1434-49F4-82A5-448FE262A487}"
EndProject
Global
	GlobalSection(SolutionConfigurationPlatforms) = preSolution
		Debug|Any CPU = Debug|Any CPU
		Debug|ARM = Debug|ARM
		Debug|ARM64 = Debug|ARM64
		Debug|x64 = Debug|x64
		Debug|x86 = Debug|x86
		Release|Any CPU = Release|Any CPU
		Release|ARM = Release|ARM
		Release|ARM64 = Release|ARM64
		Release|x64 = Release|x64
		Release|x86 = Release|x86
	EndGlobalSection
	GlobalSection(ProjectConfigurationPlatforms) = postSolution
		{88D8D350-9438-4538-AA2E-D73B12E9C67D}.Debug|Any CPU.ActiveCfg = Debug|Any CPU
		{88D8D350-9438-4538-AA2E-D73B12E9C67D}.Debug|Any CPU.Build.0 = Debug|Any CPU
		{88D8D350-9438-4538-AA2E-D73B12E9C67D}.Debug|ARM.ActiveCfg = Debug|Any CPU
		{88D8D350-9438-4538-AA2E-D73B12E9C67D}.Debug|ARM.Build.0 = Debug|Any CPU
		{88D8D350-9438-4538-AA2E-D73B12E9C67D}.Debug|ARM64.ActiveCfg = Debug|Any CPU
		{88D8D350-9438-4538-AA2E-D73B12E9C67D}.Debug|ARM64.Build.0 = Debug|Any CPU
		{88D8D350-9438-4538-AA2E-D73B12E9C67D}.Debug|x64.ActiveCfg = Debug|Any CPU
		{88D8D350-9438-4538-AA2E-D73B12E9C67D}.Debug|x64.Build.0 = Debug|Any CPU
		{88D8D350-9438-4538-AA2E-D73B12E9C67D}.Debug|x86.ActiveCfg = Debug|Any CPU
		{88D8D350-9438-4538-AA2E-D73B12E9C67D}.Debug|x86.Build.0 = Debug|Any CPU
		{88D8D350-9438-4538-AA2E-D73B12E9C67D}.Release|Any CPU.ActiveCfg = Release|Any CPU
		{88D8D350-9438-4538-AA2E-D73B12E9C67D}.Release|Any CPU.Build.0 = Release|Any CPU
		{88D8D350-9438-4538-AA2E-D73B12E9C67D}.Release|ARM.ActiveCfg = Release|Any CPU
		{88D8D350-9438-4538-AA2E-D73B12E9C67D}.Release|ARM.Build.0 = Release|Any CPU
		{88D8D350-9438-4538-AA2E-D73B12E9C67D}.Release|ARM64.ActiveCfg = Release|Any CPU
		{88D8D350-9438-4538-AA2E-D73B12E9C67D}.Release|ARM64.Build.0 = Release|Any CPU
		{88D8D350-9438-4538-AA2E-D73B12E9C67D}.Release|x64.ActiveCfg = Release|Any CPU
		{88D8D350-9438-4538-AA2E-D73B12E9C67D}.Release|x64.Build.0 = Release|Any CPU
		{88D8D350-9438-4538-AA2E-D73B12E9C67D}.Release|x86.ActiveCfg = Release|Any CPU
		{88D8D350-9438-4538-AA2E-D73B12E9C67D}.Release|x86.Build.0 = Release|Any CPU
		{3F764E79-B1EC-4ABE-A63B-29E1A4065F8B}.Debug|Any CPU.ActiveCfg = Debug|Any CPU
		{3F764E79-B1EC-4ABE-A63B-29E1A4065F8B}.Debug|Any CPU.Build.0 = Debug|Any CPU
		{3F764E79-B1EC-4ABE-A63B-29E1A4065F8B}.Debug|ARM.ActiveCfg = Debug|Any CPU
		{3F764E79-B1EC-4ABE-A63B-29E1A4065F8B}.Debug|ARM.Build.0 = Debug|Any CPU
		{3F764E79-B1EC-4ABE-A63B-29E1A4065F8B}.Debug|ARM64.ActiveCfg = Debug|Any CPU
		{3F764E79-B1EC-4ABE-A63B-29E1A4065F8B}.Debug|ARM64.Build.0 = Debug|Any CPU
		{3F764E79-B1EC-4ABE-A63B-29E1A4065F8B}.Debug|x64.ActiveCfg = Debug|Any CPU
		{3F764E79-B1EC-4ABE-A63B-29E1A4065F8B}.Debug|x64.Build.0 = Debug|Any CPU
		{3F764E79-B1EC-4ABE-A63B-29E1A4065F8B}.Debug|x86.ActiveCfg = Debug|Any CPU
		{3F764E79-B1EC-4ABE-A63B-29E1A4065F8B}.Debug|x86.Build.0 = Debug|Any CPU
		{3F764E79-B1EC-4ABE-A63B-29E1A4065F8B}.Release|Any CPU.ActiveCfg = Release|Any CPU
		{3F764E79-B1EC-4ABE-A63B-29E1A4065F8B}.Release|Any CPU.Build.0 = Release|Any CPU
		{3F764E79-B1EC-4ABE-A63B-29E1A4065F8B}.Release|ARM.ActiveCfg = Release|Any CPU
		{3F764E79-B1EC-4ABE-A63B-29E1A4065F8B}.Release|ARM.Build.0 = Release|Any CPU
		{3F764E79-B1EC-4ABE-A63B-29E1A4065F8B}.Release|ARM64.ActiveCfg = Release|Any CPU
		{3F764E79-B1EC-4ABE-A63B-29E1A4065F8B}.Release|ARM64.Build.0 = Release|Any CPU
		{3F764E79-B1EC-4ABE-A63B-29E1A4065F8B}.Release|x64.ActiveCfg = Release|Any CPU
		{3F764E79-B1EC-4ABE-A63B-29E1A4065F8B}.Release|x64.Build.0 = Release|Any CPU
		{3F764E79-B1EC-4ABE-A63B-29E1A4065F8B}.Release|x86.ActiveCfg = Release|Any CPU
		{3F764E79-B1EC-4ABE-A63B-29E1A4065F8B}.Release|x86.Build.0 = Release|Any CPU
		{33E4817A-9460-496D-ACC0-95AE05858835}.Debug|Any CPU.ActiveCfg = Debug|Any CPU
		{33E4817A-9460-496D-ACC0-95AE05858835}.Debug|Any CPU.Build.0 = Debug|Any CPU
		{33E4817A-9460-496D-ACC0-95AE05858835}.Debug|ARM.ActiveCfg = Debug|Any CPU
		{33E4817A-9460-496D-ACC0-95AE05858835}.Debug|ARM.Build.0 = Debug|Any CPU
		{33E4817A-9460-496D-ACC0-95AE05858835}.Debug|ARM64.ActiveCfg = Debug|Any CPU
		{33E4817A-9460-496D-ACC0-95AE05858835}.Debug|ARM64.Build.0 = Debug|Any CPU
		{33E4817A-9460-496D-ACC0-95AE05858835}.Debug|x64.ActiveCfg = Debug|Any CPU
		{33E4817A-9460-496D-ACC0-95AE05858835}.Debug|x64.Build.0 = Debug|Any CPU
		{33E4817A-9460-496D-ACC0-95AE05858835}.Debug|x86.ActiveCfg = Debug|Any CPU
		{33E4817A-9460-496D-ACC0-95AE05858835}.Debug|x86.Build.0 = Debug|Any CPU
		{33E4817A-9460-496D-ACC0-95AE05858835}.Release|Any CPU.ActiveCfg = Release|Any CPU
		{33E4817A-9460-496D-ACC0-95AE05858835}.Release|Any CPU.Build.0 = Release|Any CPU
		{33E4817A-9460-496D-ACC0-95AE05858835}.Release|ARM.ActiveCfg = Release|Any CPU
		{33E4817A-9460-496D-ACC0-95AE05858835}.Release|ARM.Build.0 = Release|Any CPU
		{33E4817A-9460-496D-ACC0-95AE05858835}.Release|ARM64.ActiveCfg = Release|Any CPU
		{33E4817A-9460-496D-ACC0-95AE05858835}.Release|ARM64.Build.0 = Release|Any CPU
		{33E4817A-9460-496D-ACC0-95AE05858835}.Release|x64.ActiveCfg = Release|Any CPU
		{33E4817A-9460-496D-ACC0-95AE05858835}.Release|x64.Build.0 = Release|Any CPU
		{33E4817A-9460-496D-ACC0-95AE05858835}.Release|x86.ActiveCfg = Release|Any CPU
		{33E4817A-9460-496D-ACC0-95AE05858835}.Release|x86.Build.0 = Release|Any CPU
		{91E11D93-E94C-44BC-8A15-87F8896F7293}.Debug|Any CPU.ActiveCfg = Debug|x86
		{91E11D93-E94C-44BC-8A15-87F8896F7293}.Debug|ARM.ActiveCfg = Debug|ARM
		{91E11D93-E94C-44BC-8A15-87F8896F7293}.Debug|ARM.Build.0 = Debug|ARM
		{91E11D93-E94C-44BC-8A15-87F8896F7293}.Debug|ARM.Deploy.0 = Debug|ARM
		{91E11D93-E94C-44BC-8A15-87F8896F7293}.Debug|ARM64.ActiveCfg = Debug|ARM64
		{91E11D93-E94C-44BC-8A15-87F8896F7293}.Debug|ARM64.Build.0 = Debug|ARM64
		{91E11D93-E94C-44BC-8A15-87F8896F7293}.Debug|ARM64.Deploy.0 = Debug|ARM64
		{91E11D93-E94C-44BC-8A15-87F8896F7293}.Debug|x64.ActiveCfg = Debug|x64
		{91E11D93-E94C-44BC-8A15-87F8896F7293}.Debug|x64.Build.0 = Debug|x64
		{91E11D93-E94C-44BC-8A15-87F8896F7293}.Debug|x64.Deploy.0 = Debug|x64
		{91E11D93-E94C-44BC-8A15-87F8896F7293}.Debug|x86.ActiveCfg = Debug|x86
		{91E11D93-E94C-44BC-8A15-87F8896F7293}.Debug|x86.Build.0 = Debug|x86
		{91E11D93-E94C-44BC-8A15-87F8896F7293}.Debug|x86.Deploy.0 = Debug|x86
		{91E11D93-E94C-44BC-8A15-87F8896F7293}.Release|Any CPU.ActiveCfg = Release|x86
		{91E11D93-E94C-44BC-8A15-87F8896F7293}.Release|ARM.ActiveCfg = Release|ARM
		{91E11D93-E94C-44BC-8A15-87F8896F7293}.Release|ARM.Build.0 = Release|ARM
		{91E11D93-E94C-44BC-8A15-87F8896F7293}.Release|ARM.Deploy.0 = Release|ARM
		{91E11D93-E94C-44BC-8A15-87F8896F7293}.Release|ARM64.ActiveCfg = Release|ARM64
		{91E11D93-E94C-44BC-8A15-87F8896F7293}.Release|ARM64.Build.0 = Release|ARM64
		{91E11D93-E94C-44BC-8A15-87F8896F7293}.Release|ARM64.Deploy.0 = Release|ARM64
		{91E11D93-E94C-44BC-8A15-87F8896F7293}.Release|x64.ActiveCfg = Release|x64
		{91E11D93-E94C-44BC-8A15-87F8896F7293}.Release|x64.Build.0 = Release|x64
		{91E11D93-E94C-44BC-8A15-87F8896F7293}.Release|x64.Deploy.0 = Release|x64
		{91E11D93-E94C-44BC-8A15-87F8896F7293}.Release|x86.ActiveCfg = Release|x86
		{91E11D93-E94C-44BC-8A15-87F8896F7293}.Release|x86.Build.0 = Release|x86
		{91E11D93-E94C-44BC-8A15-87F8896F7293}.Release|x86.Deploy.0 = Release|x86
		{E0687489-862F-40C1-A4B1-C4AC8E896B43}.Debug|Any CPU.ActiveCfg = Debug|Any CPU
		{E0687489-862F-40C1-A4B1-C4AC8E896B43}.Debug|Any CPU.Build.0 = Debug|Any CPU
		{E0687489-862F-40C1-A4B1-C4AC8E896B43}.Debug|ARM.ActiveCfg = Debug|Any CPU
		{E0687489-862F-40C1-A4B1-C4AC8E896B43}.Debug|ARM.Build.0 = Debug|Any CPU
		{E0687489-862F-40C1-A4B1-C4AC8E896B43}.Debug|ARM64.ActiveCfg = Debug|Any CPU
		{E0687489-862F-40C1-A4B1-C4AC8E896B43}.Debug|ARM64.Build.0 = Debug|Any CPU
		{E0687489-862F-40C1-A4B1-C4AC8E896B43}.Debug|x64.ActiveCfg = Debug|Any CPU
		{E0687489-862F-40C1-A4B1-C4AC8E896B43}.Debug|x64.Build.0 = Debug|Any CPU
		{E0687489-862F-40C1-A4B1-C4AC8E896B43}.Debug|x86.ActiveCfg = Debug|Any CPU
		{E0687489-862F-40C1-A4B1-C4AC8E896B43}.Debug|x86.Build.0 = Debug|Any CPU
		{E0687489-862F-40C1-A4B1-C4AC8E896B43}.Release|Any CPU.ActiveCfg = Release|Any CPU
		{E0687489-862F-40C1-A4B1-C4AC8E896B43}.Release|Any CPU.Build.0 = Release|Any CPU
		{E0687489-862F-40C1-A4B1-C4AC8E896B43}.Release|ARM.ActiveCfg = Release|Any CPU
		{E0687489-862F-40C1-A4B1-C4AC8E896B43}.Release|ARM.Build.0 = Release|Any CPU
		{E0687489-862F-40C1-A4B1-C4AC8E896B43}.Release|ARM64.ActiveCfg = Release|Any CPU
		{E0687489-862F-40C1-A4B1-C4AC8E896B43}.Release|ARM64.Build.0 = Release|Any CPU
		{E0687489-862F-40C1-A4B1-C4AC8E896B43}.Release|x64.ActiveCfg = Release|Any CPU
		{E0687489-862F-40C1-A4B1-C4AC8E896B43}.Release|x64.Build.0 = Release|Any CPU
		{E0687489-862F-40C1-A4B1-C4AC8E896B43}.Release|x86.ActiveCfg = Release|Any CPU
		{E0687489-862F-40C1-A4B1-C4AC8E896B43}.Release|x86.Build.0 = Release|Any CPU
		{910A23E7-50C4-4CE0-8725-5A9EE1B7BAAE}.Debug|Any CPU.ActiveCfg = Debug|Any CPU
		{910A23E7-50C4-4CE0-8725-5A9EE1B7BAAE}.Debug|Any CPU.Build.0 = Debug|Any CPU
		{910A23E7-50C4-4CE0-8725-5A9EE1B7BAAE}.Debug|ARM.ActiveCfg = Debug|Any CPU
		{910A23E7-50C4-4CE0-8725-5A9EE1B7BAAE}.Debug|ARM.Build.0 = Debug|Any CPU
		{910A23E7-50C4-4CE0-8725-5A9EE1B7BAAE}.Debug|ARM64.ActiveCfg = Debug|Any CPU
		{910A23E7-50C4-4CE0-8725-5A9EE1B7BAAE}.Debug|ARM64.Build.0 = Debug|Any CPU
		{910A23E7-50C4-4CE0-8725-5A9EE1B7BAAE}.Debug|x64.ActiveCfg = Debug|Any CPU
		{910A23E7-50C4-4CE0-8725-5A9EE1B7BAAE}.Debug|x64.Build.0 = Debug|Any CPU
		{910A23E7-50C4-4CE0-8725-5A9EE1B7BAAE}.Debug|x86.ActiveCfg = Debug|Any CPU
		{910A23E7-50C4-4CE0-8725-5A9EE1B7BAAE}.Debug|x86.Build.0 = Debug|Any CPU
		{910A23E7-50C4-4CE0-8725-5A9EE1B7BAAE}.Release|Any CPU.ActiveCfg = Release|Any CPU
		{910A23E7-50C4-4CE0-8725-5A9EE1B7BAAE}.Release|Any CPU.Build.0 = Release|Any CPU
		{910A23E7-50C4-4CE0-8725-5A9EE1B7BAAE}.Release|ARM.ActiveCfg = Release|Any CPU
		{910A23E7-50C4-4CE0-8725-5A9EE1B7BAAE}.Release|ARM.Build.0 = Release|Any CPU
		{910A23E7-50C4-4CE0-8725-5A9EE1B7BAAE}.Release|ARM64.ActiveCfg = Release|Any CPU
		{910A23E7-50C4-4CE0-8725-5A9EE1B7BAAE}.Release|ARM64.Build.0 = Release|Any CPU
		{910A23E7-50C4-4CE0-8725-5A9EE1B7BAAE}.Release|x64.ActiveCfg = Release|Any CPU
		{910A23E7-50C4-4CE0-8725-5A9EE1B7BAAE}.Release|x64.Build.0 = Release|Any CPU
		{910A23E7-50C4-4CE0-8725-5A9EE1B7BAAE}.Release|x86.ActiveCfg = Release|Any CPU
		{910A23E7-50C4-4CE0-8725-5A9EE1B7BAAE}.Release|x86.Build.0 = Release|Any CPU
		{19238FDD-C2D3-4B59-8BCC-1E0617915285}.Debug|Any CPU.ActiveCfg = Debug|Any CPU
		{19238FDD-C2D3-4B59-8BCC-1E0617915285}.Debug|Any CPU.Build.0 = Debug|Any CPU
		{19238FDD-C2D3-4B59-8BCC-1E0617915285}.Debug|ARM.ActiveCfg = Debug|Any CPU
		{19238FDD-C2D3-4B59-8BCC-1E0617915285}.Debug|ARM.Build.0 = Debug|Any CPU
		{19238FDD-C2D3-4B59-8BCC-1E0617915285}.Debug|ARM64.ActiveCfg = Debug|Any CPU
		{19238FDD-C2D3-4B59-8BCC-1E0617915285}.Debug|ARM64.Build.0 = Debug|Any CPU
		{19238FDD-C2D3-4B59-8BCC-1E0617915285}.Debug|x64.ActiveCfg = Debug|Any CPU
		{19238FDD-C2D3-4B59-8BCC-1E0617915285}.Debug|x64.Build.0 = Debug|Any CPU
		{19238FDD-C2D3-4B59-8BCC-1E0617915285}.Debug|x86.ActiveCfg = Debug|Any CPU
		{19238FDD-C2D3-4B59-8BCC-1E0617915285}.Debug|x86.Build.0 = Debug|Any CPU
		{19238FDD-C2D3-4B59-8BCC-1E0617915285}.Release|Any CPU.ActiveCfg = Release|Any CPU
		{19238FDD-C2D3-4B59-8BCC-1E0617915285}.Release|Any CPU.Build.0 = Release|Any CPU
		{19238FDD-C2D3-4B59-8BCC-1E0617915285}.Release|ARM.ActiveCfg = Release|Any CPU
		{19238FDD-C2D3-4B59-8BCC-1E0617915285}.Release|ARM.Build.0 = Release|Any CPU
		{19238FDD-C2D3-4B59-8BCC-1E0617915285}.Release|ARM64.ActiveCfg = Release|Any CPU
		{19238FDD-C2D3-4B59-8BCC-1E0617915285}.Release|ARM64.Build.0 = Release|Any CPU
		{19238FDD-C2D3-4B59-8BCC-1E0617915285}.Release|x64.ActiveCfg = Release|Any CPU
		{19238FDD-C2D3-4B59-8BCC-1E0617915285}.Release|x64.Build.0 = Release|Any CPU
		{19238FDD-C2D3-4B59-8BCC-1E0617915285}.Release|x86.ActiveCfg = Release|Any CPU
		{19238FDD-C2D3-4B59-8BCC-1E0617915285}.Release|x86.Build.0 = Release|Any CPU
		{26F90F72-1434-49F4-82A5-448FE262A487}.Debug|Any CPU.ActiveCfg = Debug|Any CPU
		{26F90F72-1434-49F4-82A5-448FE262A487}.Debug|Any CPU.Build.0 = Debug|Any CPU
		{26F90F72-1434-49F4-82A5-448FE262A487}.Debug|ARM.ActiveCfg = Debug|Any CPU
		{26F90F72-1434-49F4-82A5-448FE262A487}.Debug|ARM.Build.0 = Debug|Any CPU
		{26F90F72-1434-49F4-82A5-448FE262A487}.Debug|ARM64.ActiveCfg = Debug|Any CPU
		{26F90F72-1434-49F4-82A5-448FE262A487}.Debug|ARM64.Build.0 = Debug|Any CPU
		{26F90F72-1434-49F4-82A5-448FE262A487}.Debug|x64.ActiveCfg = Debug|Any CPU
		{26F90F72-1434-49F4-82A5-448FE262A487}.Debug|x64.Build.0 = Debug|Any CPU
		{26F90F72-1434-49F4-82A5-448FE262A487}.Debug|x86.ActiveCfg = Debug|Any CPU
		{26F90F72-1434-49F4-82A5-448FE262A487}.Debug|x86.Build.0 = Debug|Any CPU
		{26F90F72-1434-49F4-82A5-448FE262A487}.Release|Any CPU.ActiveCfg = Release|Any CPU
		{26F90F72-1434-49F4-82A5-448FE262A487}.Release|Any CPU.Build.0 = Release|Any CPU
		{26F90F72-1434-49F4-82A5-448FE262A487}.Release|ARM.ActiveCfg = Release|Any CPU
		{26F90F72-1434-49F4-82A5-448FE262A487}.Release|ARM.Build.0 = Release|Any CPU
		{26F90F72-1434-49F4-82A5-448FE262A487}.Release|ARM64.ActiveCfg = Release|Any CPU
		{26F90F72-1434-49F4-82A5-448FE262A487}.Release|ARM64.Build.0 = Release|Any CPU
		{26F90F72-1434-49F4-82A5-448FE262A487}.Release|x64.ActiveCfg = Release|Any CPU
		{26F90F72-1434-49F4-82A5-448FE262A487}.Release|x64.Build.0 = Release|Any CPU
		{26F90F72-1434-49F4-82A5-448FE262A487}.Release|x86.ActiveCfg = Release|Any CPU
		{26F90F72-1434-49F4-82A5-448FE262A487}.Release|x86.Build.0 = Release|Any CPU
	EndGlobalSection
	GlobalSection(SolutionProperties) = preSolution
		HideSolutionNode = FALSE
	EndGlobalSection
	GlobalSection(ExtensibilityGlobals) = postSolution
		SolutionGuid = {A66EED26-4978-4CB9-8018-A3C2B16F2888}
	EndGlobalSection
EndGlobal
